
Microsoft Visual Studio Solution File, Format Version 12.00
# Visual Studio 14
Project("{8BC9CEB8-8B4A-11D0-8D11-00A0C91BC942}") = "ALL_BUILD", "ALL_BUILD.vcxproj", "{77F55384-25AE-3FDF-A01C-96018782CA18}"
	ProjectSection(ProjectDependencies) = postProject
		{A9ED6483-0DBB-3E57-86BA-F9B8C762DD8C} = {A9ED6483-0DBB-3E57-86BA-F9B8C762DD8C}
		{C32E8C7F-6AE8-3620-80D1-D1B7953E39A1} = {C32E8C7F-6AE8-3620-80D1-D1B7953E39A1}
		{482669A6-A2EC-3FB0-A568-4B2827A4445C} = {482669A6-A2EC-3FB0-A568-4B2827A4445C}
		{6A7076DD-BEF7-3C72-B8D4-4F88259386F5} = {6A7076DD-BEF7-3C72-B8D4-4F88259386F5}
		{98AF1B81-7F97-3C39-B60D-F79BEE96D329} = {98AF1B81-7F97-3C39-B60D-F79BEE96D329}
		{DAFC3D2A-2C47-3750-8989-4A95322C0411} = {DAFC3D2A-2C47-3750-8989-4A95322C0411}
		{42514D49-DCAF-3887-B6A0-50711215D376} = {42514D49-DCAF-3887-B6A0-50711215D376}
	EndProjectSection
EndProject
Project("{8BC9CEB8-8B4A-11D0-8D11-00A0C91BC942}") = "INSTALL", "INSTALL.vcxproj", "{1A022565-81DA-36F3-9E35-021060D22460}"
	ProjectSection(ProjectDependencies) = postProject
		{77F55384-25AE-3FDF-A01C-96018782CA18} = {77F55384-25AE-3FDF-A01C-96018782CA18}
		{A9ED6483-0DBB-3E57-86BA-F9B8C762DD8C} = {A9ED6483-0DBB-3E57-86BA-F9B8C762DD8C}
	EndProjectSection
EndProject
Project("{8BC9CEB8-8B4A-11D0-8D11-00A0C91BC942}") = "RUN_TESTS", "RUN_TESTS.vcxproj", "{AA9DE1C0-FBDB-311F-92E9-5BCD8148B63C}"
	ProjectSection(ProjectDependencies) = postProject
		{A9ED6483-0DBB-3E57-86BA-F9B8C762DD8C} = {A9ED6483-0DBB-3E57-86BA-F9B8C762DD8C}
	EndProjectSection
EndProject
Project("{8BC9CEB8-8B4A-11D0-8D11-00A0C91BC942}") = "ZERO_CHECK", "ZERO_CHECK.vcxproj", "{A9ED6483-0DBB-3E57-86BA-F9B8C762DD8C}"
	ProjectSection(ProjectDependencies) = postProject
	EndProjectSection
EndProject
Project("{8BC9CEB8-8B4A-11D0-8D11-00A0C91BC942}") = "corekit", "corekit.vcxproj", "{C32E8C7F-6AE8-3620-80D1-D1B7953E39A1}"
	ProjectSection(ProjectDependencies) = postProject
		{A9ED6483-0DBB-3E57-86BA-F9B8C762DD8C} = {A9ED6483-0DBB-3E57-86BA-F9B8C762DD8C}
	EndProjectSection
EndProject
Project("{8BC9CEB8-8B4A-11D0-8D11-00A0C91BC942}") = "corekit_example", "corekit_example.vcxproj", "{482669A6-A2EC-3FB0-A568-4B2827A4445C}"
	ProjectSection(ProjectDependencies) = postProject
		{A9ED6483-0DBB-3E57-86BA-F9B8C762DD8C} = {A9ED6483-0DBB-3E57-86BA-F9B8C762DD8C}
		{C32E8C7F-6AE8-3620-80D1-D1B7953E39A1} = {C32E8C7F-6AE8-3620-80D1-D1B7953E39A1}
	EndProjectSection
EndProject
Project("{8BC9CEB8-8B4A-11D0-8D11-00A0C91BC942}") = "interface_tests", "interface_tests.vcxproj", "{6A7076DD-BEF7-3C72-B8D4-4F88259386F5}"
	ProjectSection(ProjectDependencies) = postProject
		{A9ED6483-0DBB-3E57-86BA-F9B8C762DD8C} = {A9ED6483-0DBB-3E57-86BA-F9B8C762DD8C}
		{C32E8C7F-6AE8-3620-80D1-D1B7953E39A1} = {C32E8C7F-6AE8-3620-80D1-D1B7953E39A1}
	EndProjectSection
EndProject
Project("{8BC9CEB8-8B4A-11D0-8D11-00A0C91BC942}") = "ipc_client_example", "ipc_client_example.vcxproj", "{98AF1B81-7F97-3C39-B60D-F79BEE96D329}"
	ProjectSection(ProjectDependencies) = postProject
		{A9ED6483-0DBB-3E57-86BA-F9B8C762DD8C} = {A9ED6483-0DBB-3E57-86BA-F9B8C762DD8C}
		{C32E8C7F-6AE8-3620-80D1-D1B7953E39A1} = {C32E8C7F-6AE8-3620-80D1-D1B7953E39A1}
	EndProjectSection
EndProject
Project("{8BC9CEB8-8B4A-11D0-8D11-00A0C91BC942}") = "ipc_server_example", "ipc_server_example.vcxproj", "{DAFC3D2A-2C47-3750-8989-4A95322C0411}"
	ProjectSection(ProjectDependencies) = postProject
		{A9ED6483-0DBB-3E57-86BA-F9B8C762DD8C} = {A9ED6483-0DBB-3E57-86BA-F9B8C762DD8C}
		{C32E8C7F-6AE8-3620-80D1-D1B7953E39A1} = {C32E8C7F-6AE8-3620-80D1-D1B7953E39A1}
	EndProjectSection
EndProject
Project("{8BC9CEB8-8B4A-11D0-8D11-00A0C91BC942}") = "logkit_tests", "logkit_tests.vcxproj", "{42514D49-DCAF-3887-B6A0-50711215D376}"
	ProjectSection(ProjectDependencies) = postProject
		{A9ED6483-0DBB-3E57-86BA-F9B8C762DD8C} = {A9ED6483-0DBB-3E57-86BA-F9B8C762DD8C}
		{C32E8C7F-6AE8-3620-80D1-D1B7953E39A1} = {C32E8C7F-6AE8-3620-80D1-D1B7953E39A1}
	EndProjectSection
EndProject
Global
	GlobalSection(SolutionConfigurationPlatforms) = preSolution
		Debug|x64 = Debug|x64
		Release|x64 = Release|x64
		MinSizeRel|x64 = MinSizeRel|x64
		RelWithDebInfo|x64 = RelWithDebInfo|x64
	EndGlobalSection
	GlobalSection(ProjectConfigurationPlatforms) = postSolution
		{77F55384-25AE-3FDF-A01C-96018782CA18}.Debug|x64.ActiveCfg = Debug|x64
		{77F55384-25AE-3FDF-A01C-96018782CA18}.Debug|x64.Build.0 = Debug|x64
		{77F55384-25AE-3FDF-A01C-96018782CA18}.Release|x64.ActiveCfg = Release|x64
		{77F55384-25AE-3FDF-A01C-96018782CA18}.Release|x64.Build.0 = Release|x64
		{77F55384-25AE-3FDF-A01C-96018782CA18}.MinSizeRel|x64.ActiveCfg = MinSizeRel|x64
		{77F55384-25AE-3FDF-A01C-96018782CA18}.MinSizeRel|x64.Build.0 = MinSizeRel|x64
		{77F55384-25AE-3FDF-A01C-96018782CA18}.RelWithDebInfo|x64.ActiveCfg = RelWithDebInfo|x64
		{77F55384-25AE-3FDF-A01C-96018782CA18}.RelWithDebInfo|x64.Build.0 = RelWithDebInfo|x64
		{1A022565-81DA-36F3-9E35-021060D22460}.Debug|x64.ActiveCfg = Debug|x64
		{1A022565-81DA-36F3-9E35-021060D22460}.Release|x64.ActiveCfg = Release|x64
		{1A022565-81DA-36F3-9E35-021060D22460}.MinSizeRel|x64.ActiveCfg = MinSizeRel|x64
		{1A022565-81DA-36F3-9E35-021060D22460}.RelWithDebInfo|x64.ActiveCfg = RelWithDebInfo|x64
		{AA9DE1C0-FBDB-311F-92E9-5BCD8148B63C}.Debug|x64.ActiveCfg = Debug|x64
		{AA9DE1C0-FBDB-311F-92E9-5BCD8148B63C}.Release|x64.ActiveCfg = Release|x64
		{AA9DE1C0-FBDB-311F-92E9-5BCD8148B63C}.MinSizeRel|x64.ActiveCfg = MinSizeRel|x64
		{AA9DE1C0-FBDB-311F-92E9-5BCD8148B63C}.RelWithDebInfo|x64.ActiveCfg = RelWithDebInfo|x64
		{A9ED6483-0DBB-3E57-86BA-F9B8C762DD8C}.Debug|x64.ActiveCfg = Debug|x64
		{A9ED6483-0DBB-3E57-86BA-F9B8C762DD8C}.Debug|x64.Build.0 = Debug|x64
		{A9ED6483-0DBB-3E57-86BA-F9B8C762DD8C}.Release|x64.ActiveCfg = Release|x64
		{A9ED6483-0DBB-3E57-86BA-F9B8C762DD8C}.Release|x64.Build.0 = Release|x64
		{A9ED6483-0DBB-3E57-86BA-F9B8C762DD8C}.MinSizeRel|x64.ActiveCfg = MinSizeRel|x64
		{A9ED6483-0DBB-3E57-86BA-F9B8C762DD8C}.MinSizeRel|x64.Build.0 = MinSizeRel|x64
		{A9ED6483-0DBB-3E57-86BA-F9B8C762DD8C}.RelWithDebInfo|x64.ActiveCfg = RelWithDebInfo|x64
		{A9ED6483-0DBB-3E57-86BA-F9B8C762DD8C}.RelWithDebInfo|x64.Build.0 = RelWithDebInfo|x64
		{C32E8C7F-6AE8-3620-80D1-D1B7953E39A1}.Debug|x64.ActiveCfg = Debug|x64
		{C32E8C7F-6AE8-3620-80D1-D1B7953E39A1}.Debug|x64.Build.0 = Debug|x64
		{C32E8C7F-6AE8-3620-80D1-D1B7953E39A1}.Release|x64.ActiveCfg = Release|x64
		{C32E8C7F-6AE8-3620-80D1-D1B7953E39A1}.Release|x64.Build.0 = Release|x64
		{C32E8C7F-6AE8-3620-80D1-D1B7953E39A1}.MinSizeRel|x64.ActiveCfg = MinSizeRel|x64
		{C32E8C7F-6AE8-3620-80D1-D1B7953E39A1}.MinSizeRel|x64.Build.0 = MinSizeRel|x64
		{C32E8C7F-6AE8-3620-80D1-D1B7953E39A1}.RelWithDebInfo|x64.ActiveCfg = RelWithDebInfo|x64
		{C32E8C7F-6AE8-3620-80D1-D1B7953E39A1}.RelWithDebInfo|x64.Build.0 = RelWithDebInfo|x64
		{482669A6-A2EC-3FB0-A568-4B2827A4445C}.Debug|x64.ActiveCfg = Debug|x64
		{482669A6-A2EC-3FB0-A568-4B2827A4445C}.Debug|x64.Build.0 = Debug|x64
		{482669A6-A2EC-3FB0-A568-4B2827A4445C}.Release|x64.ActiveCfg = Release|x64
		{482669A6-A2EC-3FB0-A568-4B2827A4445C}.Release|x64.Build.0 = Release|x64
		{482669A6-A2EC-3FB0-A568-4B2827A4445C}.MinSizeRel|x64.ActiveCfg = MinSizeRel|x64
		{482669A6-A2EC-3FB0-A568-4B2827A4445C}.MinSizeRel|x64.Build.0 = MinSizeRel|x64
		{482669A6-A2EC-3FB0-A568-4B2827A4445C}.RelWithDebInfo|x64.ActiveCfg = RelWithDebInfo|x64
		{482669A6-A2EC-3FB0-A568-4B2827A4445C}.RelWithDebInfo|x64.Build.0 = RelWithDebInfo|x64
		{6A7076DD-BEF7-3C72-B8D4-4F88259386F5}.Debug|x64.ActiveCfg = Debug|x64
		{6A7076DD-BEF7-3C72-B8D4-4F88259386F5}.Debug|x64.Build.0 = Debug|x64
		{6A7076DD-BEF7-3C72-B8D4-4F88259386F5}.Release|x64.ActiveCfg = Release|x64
		{6A7076DD-BEF7-3C72-B8D4-4F88259386F5}.Release|x64.Build.0 = Release|x64
		{6A7076DD-BEF7-3C72-B8D4-4F88259386F5}.MinSizeRel|x64.ActiveCfg = MinSizeRel|x64
		{6A7076DD-BEF7-3C72-B8D4-4F88259386F5}.MinSizeRel|x64.Build.0 = MinSizeRel|x64
		{6A7076DD-BEF7-3C72-B8D4-4F88259386F5}.RelWithDebInfo|x64.ActiveCfg = RelWithDebInfo|x64
		{6A7076DD-BEF7-3C72-B8D4-4F88259386F5}.RelWithDebInfo|x64.Build.0 = RelWithDebInfo|x64
		{98AF1B81-7F97-3C39-B60D-F79BEE96D329}.Debug|x64.ActiveCfg = Debug|x64
		{98AF1B81-7F97-3C39-B60D-F79BEE96D329}.Debug|x64.Build.0 = Debug|x64
		{98AF1B81-7F97-3C39-B60D-F79BEE96D329}.Release|x64.ActiveCfg = Release|x64
		{98AF1B81-7F97-3C39-B60D-F79BEE96D329}.Release|x64.Build.0 = Release|x64
		{98AF1B81-7F97-3C39-B60D-F79BEE96D329}.MinSizeRel|x64.ActiveCfg = MinSizeRel|x64
		{98AF1B81-7F97-3C39-B60D-F79BEE96D329}.MinSizeRel|x64.Build.0 = MinSizeRel|x64
		{98AF1B81-7F97-3C39-B60D-F79BEE96D329}.RelWithDebInfo|x64.ActiveCfg = RelWithDebInfo|x64
		{98AF1B81-7F97-3C39-B60D-F79BEE96D329}.RelWithDebInfo|x64.Build.0 = RelWithDebInfo|x64
		{DAFC3D2A-2C47-3750-8989-4A95322C0411}.Debug|x64.ActiveCfg = Debug|x64
		{DAFC3D2A-2C47-3750-8989-4A95322C0411}.Debug|x64.Build.0 = Debug|x64
		{DAFC3D2A-2C47-3750-8989-4A95322C0411}.Release|x64.ActiveCfg = Release|x64
		{DAFC3D2A-2C47-3750-8989-4A95322C0411}.Release|x64.Build.0 = Release|x64
		{DAFC3D2A-2C47-3750-8989-4A95322C0411}.MinSizeRel|x64.ActiveCfg = MinSizeRel|x64
		{DAFC3D2A-2C47-3750-8989-4A95322C0411}.MinSizeRel|x64.Build.0 = MinSizeRel|x64
		{DAFC3D2A-2C47-3750-8989-4A95322C0411}.RelWithDebInfo|x64.ActiveCfg = RelWithDebInfo|x64
		{DAFC3D2A-2C47-3750-8989-4A95322C0411}.RelWithDebInfo|x64.Build.0 = RelWithDebInfo|x64
		{42514D49-DCAF-3887-B6A0-50711215D376}.Debug|x64.ActiveCfg = Debug|x64
		{42514D49-DCAF-3887-B6A0-50711215D376}.Debug|x64.Build.0 = Debug|x64
		{42514D49-DCAF-3887-B6A0-50711215D376}.Release|x64.ActiveCfg = Release|x64
		{42514D49-DCAF-3887-B6A0-50711215D376}.Release|x64.Build.0 = Release|x64
		{42514D49-DCAF-3887-B6A0-50711215D376}.MinSizeRel|x64.ActiveCfg = MinSizeRel|x64
		{42514D49-DCAF-3887-B6A0-50711215D376}.MinSizeRel|x64.Build.0 = MinSizeRel|x64
		{42514D49-DCAF-3887-B6A0-50711215D376}.RelWithDebInfo|x64.ActiveCfg = RelWithDebInfo|x64
		{42514D49-DCAF-3887-B6A0-50711215D376}.RelWithDebInfo|x64.Build.0 = RelWithDebInfo|x64
	EndGlobalSection
	GlobalSection(ExtensibilityGlobals) = postSolution
		SolutionGuid = {1587CF0B-87B0-34A3-825B-37CFD0ACBA91}
	EndGlobalSection
	GlobalSection(ExtensibilityAddIns) = postSolution
	EndGlobalSection
EndGlobal
